
Microsoft Visual Studio Solution File, Format Version 12.00
# Visual Studio Version 17
VisualStudioVersion = 17.10.35027.167
MinimumVisualStudioVersion = 10.0.40219.1
Project("{C9674DCB-5085-4A16-B785-4C70DD1589BD}") = "bussybee", "bussybee.dtproj", "{4922244C-6EBF-472B-8D02-94C860991A0F}"
EndProject
Global
	GlobalSection(SolutionConfigurationPlatforms) = preSolution
		Development|Default = Development|Default
	EndGlobalSection
	GlobalSection(ProjectConfigurationPlatforms) = postSolution
		{4922244C-6EBF-472B-8D02-94C860991A0F}.Development|Default.ActiveCfg = Development
		{4922244C-6EBF-472B-8D02-94C860991A0F}.Development|Default.Build.0 = Development
	EndGlobalSection
	GlobalSection(SolutionProperties) = preSolution
		HideSolutionNode = FALSE
	EndGlobalSection
	GlobalSection(ExtensibilityGlobals) = postSolution
		SolutionGuid = {39A0274E-FA87-418A-9260-31AD6B09E612}
	EndGlobalSection
EndGlobal
